
Microsoft Visual Studio Solution File, Format Version 12.00
# Visual Studio Version 17
Project("{8BC9CEB8-8B4A-11D0-8D11-00A0C91BC942}") = "ALL_BUILD", "ALL_BUILD.vcxproj", "{F14E2DF1-59A0-39BD-8405-9370C90F7035}"
	ProjectSection(ProjectDependencies) = postProject
		{75BE8ACB-74B3-3523-8587-CB7F79418D34} = {75BE8ACB-74B3-3523-8587-CB7F79418D34}
		{344E7D5C-BEF2-30F8-AABE-EE4A6683936E} = {344E7D5C-BEF2-30F8-AABE-EE4A6683936E}
		{E673C0E8-1488-3407-AB3F-69AFFC725D41} = {E673C0E8-1488-3407-AB3F-69AFFC725D41}
		{C21A9538-5CA5-366D-A1B1-9D42CB1961B7} = {C21A9538-5CA5-366D-A1B1-9D42CB1961B7}
		{465C41AB-5486-39D3-98C1-0E201D9D1789} = {465C41AB-5486-39D3-98C1-0E201D9D1789}
		{88786EC2-9282-32A1-A6A7-A75DD25DA643} = {88786EC2-9282-32A1-A6A7-A75DD25DA643}
		{C0402E5D-F17A-3380-8066-E98C18F81A6E} = {C0402E5D-F17A-3380-8066-E98C18F81A6E}
		{BFBB06B8-1832-3720-8E2A-4484417F76E4} = {BFBB06B8-1832-3720-8E2A-4484417F76E4}
		{0B992D4F-0EA6-33AA-986C-D288531AF665} = {0B992D4F-0EA6-33AA-986C-D288531AF665}
		{660BD175-512C-3E35-8B32-367C4E6F67C7} = {660BD175-512C-3E35-8B32-367C4E6F67C7}
		{738FAEE3-500E-3222-9642-2A453DFE0372} = {738FAEE3-500E-3222-9642-2A453DFE0372}
		{7C5F225E-18DB-392F-88E4-D9C7B2026414} = {7C5F225E-18DB-392F-88E4-D9C7B2026414}
		{42CDE169-B967-3389-9DB7-756D30E082E1} = {42CDE169-B967-3389-9DB7-756D30E082E1}
		{E1598ED1-3CA4-3CC6-8702-AE51E92C5BB7} = {E1598ED1-3CA4-3CC6-8702-AE51E92C5BB7}
		{8C8BEE2D-C2E0-34BF-912F-FF78CC86EBCD} = {8C8BEE2D-C2E0-34BF-912F-FF78CC86EBCD}
		{C30980BA-EC90-36F2-B844-583A20303205} = {C30980BA-EC90-36F2-B844-583A20303205}
		{310685FD-CA83-3405-ABE2-0A021CB40570} = {310685FD-CA83-3405-ABE2-0A021CB40570}
		{690191F1-FCA5-3B79-9AA0-E398EC80F7D6} = {690191F1-FCA5-3B79-9AA0-E398EC80F7D6}
		{81279587-5EC4-357E-8D92-AC87557B4304} = {81279587-5EC4-357E-8D92-AC87557B4304}
		{5E301CF5-9C28-37FB-A6AD-55BA2D5B9D13} = {5E301CF5-9C28-37FB-A6AD-55BA2D5B9D13}
		{79B48C1B-3AB2-3AF0-A269-CA6CD9D1C5F0} = {79B48C1B-3AB2-3AF0-A269-CA6CD9D1C5F0}
		{AE614A0F-9C37-31FB-B142-D2B41CD528D7} = {AE614A0F-9C37-31FB-B142-D2B41CD528D7}
		{4AC30053-D0A0-3706-A69D-2A26DCC909F1} = {4AC30053-D0A0-3706-A69D-2A26DCC909F1}
		{E22F6AEF-872E-3932-B610-6995B3F19FA8} = {E22F6AEF-872E-3932-B610-6995B3F19FA8}
		{F65EC269-1EFF-312E-B14D-D1EB669E6030} = {F65EC269-1EFF-312E-B14D-D1EB669E6030}
		{9221CA77-22C1-3877-AE4B-2FC29964A6C9} = {9221CA77-22C1-3877-AE4B-2FC29964A6C9}
		{F7F25008-914F-3494-96DB-F8896B5A3BBB} = {F7F25008-914F-3494-96DB-F8896B5A3BBB}
		{5BE164DA-6CA5-3891-A8E0-5C1070BE0295} = {5BE164DA-6CA5-3891-A8E0-5C1070BE0295}
		{BDDF1F7C-9B78-3F37-868E-9613EE4C8BE9} = {BDDF1F7C-9B78-3F37-868E-9613EE4C8BE9}
		{D943279D-497A-33B9-B8EC-A5B07AB5ACD1} = {D943279D-497A-33B9-B8EC-A5B07AB5ACD1}
		{67B3209A-5976-37CF-9262-1F2958362CF7} = {67B3209A-5976-37CF-9262-1F2958362CF7}
	EndProjectSection
EndProject
Project("{8BC9CEB8-8B4A-11D0-8D11-00A0C91BC942}") = "INSTALL", "INSTALL.vcxproj", "{39E77E0B-3B1D-34A1-9D18-EA0B705AA3E9}"
	ProjectSection(ProjectDependencies) = postProject
		{F14E2DF1-59A0-39BD-8405-9370C90F7035} = {F14E2DF1-59A0-39BD-8405-9370C90F7035}
		{75BE8ACB-74B3-3523-8587-CB7F79418D34} = {75BE8ACB-74B3-3523-8587-CB7F79418D34}
	EndProjectSection
EndProject
Project("{8BC9CEB8-8B4A-11D0-8D11-00A0C91BC942}") = "ZERO_CHECK", "ZERO_CHECK.vcxproj", "{75BE8ACB-74B3-3523-8587-CB7F79418D34}"
	ProjectSection(ProjectDependencies) = postProject
	EndProjectSection
EndProject
Project("{8BC9CEB8-8B4A-11D0-8D11-00A0C91BC942}") = "agora_rtc_engine_plugin", "plugins\agora_rtc_engine\agora_rtc_engine_plugin.vcxproj", "{344E7D5C-BEF2-30F8-AABE-EE4A6683936E}"
	ProjectSection(ProjectDependencies) = postProject
		{75BE8ACB-74B3-3523-8587-CB7F79418D34} = {75BE8ACB-74B3-3523-8587-CB7F79418D34}
		{5F3375B3-0E2D-318A-BE9C-995D4B48AE68} = {5F3375B3-0E2D-318A-BE9C-995D4B48AE68}
		{310685FD-CA83-3405-ABE2-0A021CB40570} = {310685FD-CA83-3405-ABE2-0A021CB40570}
	EndProjectSection
EndProject
Project("{8BC9CEB8-8B4A-11D0-8D11-00A0C91BC942}") = "audioplayers_windows_plugin", "plugins\audioplayers_windows\audioplayers_windows_plugin.vcxproj", "{E673C0E8-1488-3407-AB3F-69AFFC725D41}"
	ProjectSection(ProjectDependencies) = postProject
		{75BE8ACB-74B3-3523-8587-CB7F79418D34} = {75BE8ACB-74B3-3523-8587-CB7F79418D34}
		{5F3375B3-0E2D-318A-BE9C-995D4B48AE68} = {5F3375B3-0E2D-318A-BE9C-995D4B48AE68}
		{310685FD-CA83-3405-ABE2-0A021CB40570} = {310685FD-CA83-3405-ABE2-0A021CB40570}
	EndProjectSection
EndProject
Project("{8BC9CEB8-8B4A-11D0-8D11-00A0C91BC942}") = "bitsdojo_window_windows_plugin", "plugins\bitsdojo_window_windows\bitsdojo_window_windows_plugin.vcxproj", "{C21A9538-5CA5-366D-A1B1-9D42CB1961B7}"
	ProjectSection(ProjectDependencies) = postProject
		{75BE8ACB-74B3-3523-8587-CB7F79418D34} = {75BE8ACB-74B3-3523-8587-CB7F79418D34}
		{5F3375B3-0E2D-318A-BE9C-995D4B48AE68} = {5F3375B3-0E2D-318A-BE9C-995D4B48AE68}
		{310685FD-CA83-3405-ABE2-0A021CB40570} = {310685FD-CA83-3405-ABE2-0A021CB40570}
	EndProjectSection
EndProject
Project("{8BC9CEB8-8B4A-11D0-8D11-00A0C91BC942}") = "camera_windows_plugin", "plugins\camera_windows\camera_windows_plugin.vcxproj", "{465C41AB-5486-39D3-98C1-0E201D9D1789}"
	ProjectSection(ProjectDependencies) = postProject
		{75BE8ACB-74B3-3523-8587-CB7F79418D34} = {75BE8ACB-74B3-3523-8587-CB7F79418D34}
		{5F3375B3-0E2D-318A-BE9C-995D4B48AE68} = {5F3375B3-0E2D-318A-BE9C-995D4B48AE68}
		{310685FD-CA83-3405-ABE2-0A021CB40570} = {310685FD-CA83-3405-ABE2-0A021CB40570}
	EndProjectSection
EndProject
Project("{8BC9CEB8-8B4A-11D0-8D11-00A0C91BC942}") = "chatify", "runner\chatify.vcxproj", "{88786EC2-9282-32A1-A6A7-A75DD25DA643}"
	ProjectSection(ProjectDependencies) = postProject
		{75BE8ACB-74B3-3523-8587-CB7F79418D34} = {75BE8ACB-74B3-3523-8587-CB7F79418D34}
		{344E7D5C-BEF2-30F8-AABE-EE4A6683936E} = {344E7D5C-BEF2-30F8-AABE-EE4A6683936E}
		{E673C0E8-1488-3407-AB3F-69AFFC725D41} = {E673C0E8-1488-3407-AB3F-69AFFC725D41}
		{C21A9538-5CA5-366D-A1B1-9D42CB1961B7} = {C21A9538-5CA5-366D-A1B1-9D42CB1961B7}
		{465C41AB-5486-39D3-98C1-0E201D9D1789} = {465C41AB-5486-39D3-98C1-0E201D9D1789}
		{C0402E5D-F17A-3380-8066-E98C18F81A6E} = {C0402E5D-F17A-3380-8066-E98C18F81A6E}
		{BFBB06B8-1832-3720-8E2A-4484417F76E4} = {BFBB06B8-1832-3720-8E2A-4484417F76E4}
		{0B992D4F-0EA6-33AA-986C-D288531AF665} = {0B992D4F-0EA6-33AA-986C-D288531AF665}
		{660BD175-512C-3E35-8B32-367C4E6F67C7} = {660BD175-512C-3E35-8B32-367C4E6F67C7}
		{738FAEE3-500E-3222-9642-2A453DFE0372} = {738FAEE3-500E-3222-9642-2A453DFE0372}
		{7C5F225E-18DB-392F-88E4-D9C7B2026414} = {7C5F225E-18DB-392F-88E4-D9C7B2026414}
		{42CDE169-B967-3389-9DB7-756D30E082E1} = {42CDE169-B967-3389-9DB7-756D30E082E1}
		{5F3375B3-0E2D-318A-BE9C-995D4B48AE68} = {5F3375B3-0E2D-318A-BE9C-995D4B48AE68}
		{8C8BEE2D-C2E0-34BF-912F-FF78CC86EBCD} = {8C8BEE2D-C2E0-34BF-912F-FF78CC86EBCD}
		{C30980BA-EC90-36F2-B844-583A20303205} = {C30980BA-EC90-36F2-B844-583A20303205}
		{310685FD-CA83-3405-ABE2-0A021CB40570} = {310685FD-CA83-3405-ABE2-0A021CB40570}
		{81279587-5EC4-357E-8D92-AC87557B4304} = {81279587-5EC4-357E-8D92-AC87557B4304}
		{5E301CF5-9C28-37FB-A6AD-55BA2D5B9D13} = {5E301CF5-9C28-37FB-A6AD-55BA2D5B9D13}
		{4AC30053-D0A0-3706-A69D-2A26DCC909F1} = {4AC30053-D0A0-3706-A69D-2A26DCC909F1}
		{E22F6AEF-872E-3932-B610-6995B3F19FA8} = {E22F6AEF-872E-3932-B610-6995B3F19FA8}
		{F65EC269-1EFF-312E-B14D-D1EB669E6030} = {F65EC269-1EFF-312E-B14D-D1EB669E6030}
		{9221CA77-22C1-3877-AE4B-2FC29964A6C9} = {9221CA77-22C1-3877-AE4B-2FC29964A6C9}
		{F7F25008-914F-3494-96DB-F8896B5A3BBB} = {F7F25008-914F-3494-96DB-F8896B5A3BBB}
		{5BE164DA-6CA5-3891-A8E0-5C1070BE0295} = {5BE164DA-6CA5-3891-A8E0-5C1070BE0295}
		{BDDF1F7C-9B78-3F37-868E-9613EE4C8BE9} = {BDDF1F7C-9B78-3F37-868E-9613EE4C8BE9}
		{D943279D-497A-33B9-B8EC-A5B07AB5ACD1} = {D943279D-497A-33B9-B8EC-A5B07AB5ACD1}
		{67B3209A-5976-37CF-9262-1F2958362CF7} = {67B3209A-5976-37CF-9262-1F2958362CF7}
	EndProjectSection
EndProject
Project("{8BC9CEB8-8B4A-11D0-8D11-00A0C91BC942}") = "cloud_firestore_plugin", "plugins\cloud_firestore\cloud_firestore_plugin.vcxproj", "{C0402E5D-F17A-3380-8066-E98C18F81A6E}"
	ProjectSection(ProjectDependencies) = postProject
		{75BE8ACB-74B3-3523-8587-CB7F79418D34} = {75BE8ACB-74B3-3523-8587-CB7F79418D34}
		{7C5F225E-18DB-392F-88E4-D9C7B2026414} = {7C5F225E-18DB-392F-88E4-D9C7B2026414}
		{5F3375B3-0E2D-318A-BE9C-995D4B48AE68} = {5F3375B3-0E2D-318A-BE9C-995D4B48AE68}
		{310685FD-CA83-3405-ABE2-0A021CB40570} = {310685FD-CA83-3405-ABE2-0A021CB40570}
	EndProjectSection
EndProject
Project("{8BC9CEB8-8B4A-11D0-8D11-00A0C91BC942}") = "connectivity_plus_plugin", "plugins\connectivity_plus\connectivity_plus_plugin.vcxproj", "{BFBB06B8-1832-3720-8E2A-4484417F76E4}"
	ProjectSection(ProjectDependencies) = postProject
		{75BE8ACB-74B3-3523-8587-CB7F79418D34} = {75BE8ACB-74B3-3523-8587-CB7F79418D34}
		{5F3375B3-0E2D-318A-BE9C-995D4B48AE68} = {5F3375B3-0E2D-318A-BE9C-995D4B48AE68}
		{310685FD-CA83-3405-ABE2-0A021CB40570} = {310685FD-CA83-3405-ABE2-0A021CB40570}
	EndProjectSection
EndProject
Project("{8BC9CEB8-8B4A-11D0-8D11-00A0C91BC942}") = "emoji_picker_flutter_plugin", "plugins\emoji_picker_flutter\emoji_picker_flutter_plugin.vcxproj", "{0B992D4F-0EA6-33AA-986C-D288531AF665}"
	ProjectSection(ProjectDependencies) = postProject
		{75BE8ACB-74B3-3523-8587-CB7F79418D34} = {75BE8ACB-74B3-3523-8587-CB7F79418D34}
		{5F3375B3-0E2D-318A-BE9C-995D4B48AE68} = {5F3375B3-0E2D-318A-BE9C-995D4B48AE68}
		{310685FD-CA83-3405-ABE2-0A021CB40570} = {310685FD-CA83-3405-ABE2-0A021CB40570}
	EndProjectSection
EndProject
Project("{8BC9CEB8-8B4A-11D0-8D11-00A0C91BC942}") = "file_selector_windows_plugin", "plugins\file_selector_windows\file_selector_windows_plugin.vcxproj", "{660BD175-512C-3E35-8B32-367C4E6F67C7}"
	ProjectSection(ProjectDependencies) = postProject
		{75BE8ACB-74B3-3523-8587-CB7F79418D34} = {75BE8ACB-74B3-3523-8587-CB7F79418D34}
		{5F3375B3-0E2D-318A-BE9C-995D4B48AE68} = {5F3375B3-0E2D-318A-BE9C-995D4B48AE68}
		{310685FD-CA83-3405-ABE2-0A021CB40570} = {310685FD-CA83-3405-ABE2-0A021CB40570}
	EndProjectSection
EndProject
Project("{8BC9CEB8-8B4A-11D0-8D11-00A0C91BC942}") = "firebase_auth_plugin", "plugins\firebase_auth\firebase_auth_plugin.vcxproj", "{738FAEE3-500E-3222-9642-2A453DFE0372}"
	ProjectSection(ProjectDependencies) = postProject
		{75BE8ACB-74B3-3523-8587-CB7F79418D34} = {75BE8ACB-74B3-3523-8587-CB7F79418D34}
		{7C5F225E-18DB-392F-88E4-D9C7B2026414} = {7C5F225E-18DB-392F-88E4-D9C7B2026414}
		{5F3375B3-0E2D-318A-BE9C-995D4B48AE68} = {5F3375B3-0E2D-318A-BE9C-995D4B48AE68}
		{310685FD-CA83-3405-ABE2-0A021CB40570} = {310685FD-CA83-3405-ABE2-0A021CB40570}
	EndProjectSection
EndProject
Project("{8BC9CEB8-8B4A-11D0-8D11-00A0C91BC942}") = "firebase_core_plugin", "plugins\firebase_core\firebase_core_plugin.vcxproj", "{7C5F225E-18DB-392F-88E4-D9C7B2026414}"
	ProjectSection(ProjectDependencies) = postProject
		{75BE8ACB-74B3-3523-8587-CB7F79418D34} = {75BE8ACB-74B3-3523-8587-CB7F79418D34}
		{5F3375B3-0E2D-318A-BE9C-995D4B48AE68} = {5F3375B3-0E2D-318A-BE9C-995D4B48AE68}
		{310685FD-CA83-3405-ABE2-0A021CB40570} = {310685FD-CA83-3405-ABE2-0A021CB40570}
	EndProjectSection
EndProject
Project("{8BC9CEB8-8B4A-11D0-8D11-00A0C91BC942}") = "firebase_storage_plugin", "plugins\firebase_storage\firebase_storage_plugin.vcxproj", "{42CDE169-B967-3389-9DB7-756D30E082E1}"
	ProjectSection(ProjectDependencies) = postProject
		{75BE8ACB-74B3-3523-8587-CB7F79418D34} = {75BE8ACB-74B3-3523-8587-CB7F79418D34}
		{7C5F225E-18DB-392F-88E4-D9C7B2026414} = {7C5F225E-18DB-392F-88E4-D9C7B2026414}
		{5F3375B3-0E2D-318A-BE9C-995D4B48AE68} = {5F3375B3-0E2D-318A-BE9C-995D4B48AE68}
		{310685FD-CA83-3405-ABE2-0A021CB40570} = {310685FD-CA83-3405-ABE2-0A021CB40570}
	EndProjectSection
EndProject
Project("{8BC9CEB8-8B4A-11D0-8D11-00A0C91BC942}") = "flutter_assemble", "flutter\flutter_assemble.vcxproj", "{5F3375B3-0E2D-318A-BE9C-995D4B48AE68}"
	ProjectSection(ProjectDependencies) = postProject
		{75BE8ACB-74B3-3523-8587-CB7F79418D34} = {75BE8ACB-74B3-3523-8587-CB7F79418D34}
	EndProjectSection
EndProject
Project("{8BC9CEB8-8B4A-11D0-8D11-00A0C91BC942}") = "flutter_local_notifications_windows", "plugins\flutter_local_notifications_windows\shared\flutter_local_notifications_windows.vcxproj", "{E1598ED1-3CA4-3CC6-8702-AE51E92C5BB7}"
	ProjectSection(ProjectDependencies) = postProject
		{75BE8ACB-74B3-3523-8587-CB7F79418D34} = {75BE8ACB-74B3-3523-8587-CB7F79418D34}
	EndProjectSection
EndProject
Project("{8BC9CEB8-8B4A-11D0-8D11-00A0C91BC942}") = "flutter_webrtc_plugin", "plugins\flutter_webrtc\flutter_webrtc_plugin.vcxproj", "{8C8BEE2D-C2E0-34BF-912F-FF78CC86EBCD}"
	ProjectSection(ProjectDependencies) = postProject
		{75BE8ACB-74B3-3523-8587-CB7F79418D34} = {75BE8ACB-74B3-3523-8587-CB7F79418D34}
		{5F3375B3-0E2D-318A-BE9C-995D4B48AE68} = {5F3375B3-0E2D-318A-BE9C-995D4B48AE68}
		{310685FD-CA83-3405-ABE2-0A021CB40570} = {310685FD-CA83-3405-ABE2-0A021CB40570}
	EndProjectSection
EndProject
Project("{8BC9CEB8-8B4A-11D0-8D11-00A0C91BC942}") = "flutter_wrapper_app", "flutter\flutter_wrapper_app.vcxproj", "{C30980BA-EC90-36F2-B844-583A20303205}"
	ProjectSection(ProjectDependencies) = postProject
		{75BE8ACB-74B3-3523-8587-CB7F79418D34} = {75BE8ACB-74B3-3523-8587-CB7F79418D34}
		{5F3375B3-0E2D-318A-BE9C-995D4B48AE68} = {5F3375B3-0E2D-318A-BE9C-995D4B48AE68}
	EndProjectSection
EndProject
Project("{8BC9CEB8-8B4A-11D0-8D11-00A0C91BC942}") = "flutter_wrapper_plugin", "flutter\flutter_wrapper_plugin.vcxproj", "{310685FD-CA83-3405-ABE2-0A021CB40570}"
	ProjectSection(ProjectDependencies) = postProject
		{75BE8ACB-74B3-3523-8587-CB7F79418D34} = {75BE8ACB-74B3-3523-8587-CB7F79418D34}
		{5F3375B3-0E2D-318A-BE9C-995D4B48AE68} = {5F3375B3-0E2D-318A-BE9C-995D4B48AE68}
	EndProjectSection
EndProject
Project("{8BC9CEB8-8B4A-11D0-8D11-00A0C91BC942}") = "iris_method_channel", "plugins\iris_method_channel\shared\iris_method_channel.vcxproj", "{690191F1-FCA5-3B79-9AA0-E398EC80F7D6}"
	ProjectSection(ProjectDependencies) = postProject
		{75BE8ACB-74B3-3523-8587-CB7F79418D34} = {75BE8ACB-74B3-3523-8587-CB7F79418D34}
	EndProjectSection
EndProject
Project("{8BC9CEB8-8B4A-11D0-8D11-00A0C91BC942}") = "iris_method_channel_plugin", "plugins\iris_method_channel\iris_method_channel_plugin.vcxproj", "{81279587-5EC4-357E-8D92-AC87557B4304}"
	ProjectSection(ProjectDependencies) = postProject
		{75BE8ACB-74B3-3523-8587-CB7F79418D34} = {75BE8ACB-74B3-3523-8587-CB7F79418D34}
		{5F3375B3-0E2D-318A-BE9C-995D4B48AE68} = {5F3375B3-0E2D-318A-BE9C-995D4B48AE68}
		{310685FD-CA83-3405-ABE2-0A021CB40570} = {310685FD-CA83-3405-ABE2-0A021CB40570}
	EndProjectSection
EndProject
Project("{8BC9CEB8-8B4A-11D0-8D11-00A0C91BC942}") = "local_auth_windows_plugin", "plugins\local_auth_windows\local_auth_windows_plugin.vcxproj", "{5E301CF5-9C28-37FB-A6AD-55BA2D5B9D13}"
	ProjectSection(ProjectDependencies) = postProject
		{75BE8ACB-74B3-3523-8587-CB7F79418D34} = {75BE8ACB-74B3-3523-8587-CB7F79418D34}
		{5F3375B3-0E2D-318A-BE9C-995D4B48AE68} = {5F3375B3-0E2D-318A-BE9C-995D4B48AE68}
		{310685FD-CA83-3405-ABE2-0A021CB40570} = {310685FD-CA83-3405-ABE2-0A021CB40570}
	EndProjectSection
EndProject
Project("{8BC9CEB8-8B4A-11D0-8D11-00A0C91BC942}") = "media_kit_libs_windows_video_ANGLE_EXTRACT", "plugins\media_kit_libs_windows_video\media_kit_libs_windows_video_ANGLE_EXTRACT.vcxproj", "{79B48C1B-3AB2-3AF0-A269-CA6CD9D1C5F0}"
	ProjectSection(ProjectDependencies) = postProject
		{75BE8ACB-74B3-3523-8587-CB7F79418D34} = {75BE8ACB-74B3-3523-8587-CB7F79418D34}
	EndProjectSection
EndProject
Project("{8BC9CEB8-8B4A-11D0-8D11-00A0C91BC942}") = "media_kit_libs_windows_video_LIBMPV_EXTRACT", "plugins\media_kit_libs_windows_video\media_kit_libs_windows_video_LIBMPV_EXTRACT.vcxproj", "{AE614A0F-9C37-31FB-B142-D2B41CD528D7}"
	ProjectSection(ProjectDependencies) = postProject
		{75BE8ACB-74B3-3523-8587-CB7F79418D34} = {75BE8ACB-74B3-3523-8587-CB7F79418D34}
	EndProjectSection
EndProject
Project("{8BC9CEB8-8B4A-11D0-8D11-00A0C91BC942}") = "media_kit_libs_windows_video_plugin", "plugins\media_kit_libs_windows_video\media_kit_libs_windows_video_plugin.vcxproj", "{4AC30053-D0A0-3706-A69D-2A26DCC909F1}"
	ProjectSection(ProjectDependencies) = postProject
		{75BE8ACB-74B3-3523-8587-CB7F79418D34} = {75BE8ACB-74B3-3523-8587-CB7F79418D34}
		{5F3375B3-0E2D-318A-BE9C-995D4B48AE68} = {5F3375B3-0E2D-318A-BE9C-995D4B48AE68}
		{310685FD-CA83-3405-ABE2-0A021CB40570} = {310685FD-CA83-3405-ABE2-0A021CB40570}
	EndProjectSection
EndProject
Project("{8BC9CEB8-8B4A-11D0-8D11-00A0C91BC942}") = "media_kit_video_plugin", "plugins\media_kit_video\media_kit_video_plugin.vcxproj", "{E22F6AEF-872E-3932-B610-6995B3F19FA8}"
	ProjectSection(ProjectDependencies) = postProject
		{75BE8ACB-74B3-3523-8587-CB7F79418D34} = {75BE8ACB-74B3-3523-8587-CB7F79418D34}
		{5F3375B3-0E2D-318A-BE9C-995D4B48AE68} = {5F3375B3-0E2D-318A-BE9C-995D4B48AE68}
		{310685FD-CA83-3405-ABE2-0A021CB40570} = {310685FD-CA83-3405-ABE2-0A021CB40570}
	EndProjectSection
EndProject
Project("{8BC9CEB8-8B4A-11D0-8D11-00A0C91BC942}") = "permission_handler_windows_plugin", "plugins\permission_handler_windows\permission_handler_windows_plugin.vcxproj", "{F65EC269-1EFF-312E-B14D-D1EB669E6030}"
	ProjectSection(ProjectDependencies) = postProject
		{75BE8ACB-74B3-3523-8587-CB7F79418D34} = {75BE8ACB-74B3-3523-8587-CB7F79418D34}
		{5F3375B3-0E2D-318A-BE9C-995D4B48AE68} = {5F3375B3-0E2D-318A-BE9C-995D4B48AE68}
		{310685FD-CA83-3405-ABE2-0A021CB40570} = {310685FD-CA83-3405-ABE2-0A021CB40570}
	EndProjectSection
EndProject
Project("{8BC9CEB8-8B4A-11D0-8D11-00A0C91BC942}") = "record_windows_plugin", "plugins\record_windows\record_windows_plugin.vcxproj", "{9221CA77-22C1-3877-AE4B-2FC29964A6C9}"
	ProjectSection(ProjectDependencies) = postProject
		{75BE8ACB-74B3-3523-8587-CB7F79418D34} = {75BE8ACB-74B3-3523-8587-CB7F79418D34}
		{5F3375B3-0E2D-318A-BE9C-995D4B48AE68} = {5F3375B3-0E2D-318A-BE9C-995D4B48AE68}
		{310685FD-CA83-3405-ABE2-0A021CB40570} = {310685FD-CA83-3405-ABE2-0A021CB40570}
	EndProjectSection
EndProject
Project("{8BC9CEB8-8B4A-11D0-8D11-00A0C91BC942}") = "screen_retriever_windows_plugin", "plugins\screen_retriever_windows\screen_retriever_windows_plugin.vcxproj", "{F7F25008-914F-3494-96DB-F8896B5A3BBB}"
	ProjectSection(ProjectDependencies) = postProject
		{75BE8ACB-74B3-3523-8587-CB7F79418D34} = {75BE8ACB-74B3-3523-8587-CB7F79418D34}
		{5F3375B3-0E2D-318A-BE9C-995D4B48AE68} = {5F3375B3-0E2D-318A-BE9C-995D4B48AE68}
		{310685FD-CA83-3405-ABE2-0A021CB40570} = {310685FD-CA83-3405-ABE2-0A021CB40570}
	EndProjectSection
EndProject
Project("{8BC9CEB8-8B4A-11D0-8D11-00A0C91BC942}") = "share_plus_plugin", "plugins\share_plus\share_plus_plugin.vcxproj", "{5BE164DA-6CA5-3891-A8E0-5C1070BE0295}"
	ProjectSection(ProjectDependencies) = postProject
		{75BE8ACB-74B3-3523-8587-CB7F79418D34} = {75BE8ACB-74B3-3523-8587-CB7F79418D34}
		{5F3375B3-0E2D-318A-BE9C-995D4B48AE68} = {5F3375B3-0E2D-318A-BE9C-995D4B48AE68}
		{310685FD-CA83-3405-ABE2-0A021CB40570} = {310685FD-CA83-3405-ABE2-0A021CB40570}
	EndProjectSection
EndProject
Project("{8BC9CEB8-8B4A-11D0-8D11-00A0C91BC942}") = "url_launcher_windows_plugin", "plugins\url_launcher_windows\url_launcher_windows_plugin.vcxproj", "{BDDF1F7C-9B78-3F37-868E-9613EE4C8BE9}"
	ProjectSection(ProjectDependencies) = postProject
		{75BE8ACB-74B3-3523-8587-CB7F79418D34} = {75BE8ACB-74B3-3523-8587-CB7F79418D34}
		{5F3375B3-0E2D-318A-BE9C-995D4B48AE68} = {5F3375B3-0E2D-318A-BE9C-995D4B48AE68}
		{310685FD-CA83-3405-ABE2-0A021CB40570} = {310685FD-CA83-3405-ABE2-0A021CB40570}
	EndProjectSection
EndProject
Project("{8BC9CEB8-8B4A-11D0-8D11-00A0C91BC942}") = "volume_controller_plugin", "plugins\volume_controller\volume_controller_plugin.vcxproj", "{D943279D-497A-33B9-B8EC-A5B07AB5ACD1}"
	ProjectSection(ProjectDependencies) = postProject
		{75BE8ACB-74B3-3523-8587-CB7F79418D34} = {75BE8ACB-74B3-3523-8587-CB7F79418D34}
		{5F3375B3-0E2D-318A-BE9C-995D4B48AE68} = {5F3375B3-0E2D-318A-BE9C-995D4B48AE68}
		{310685FD-CA83-3405-ABE2-0A021CB40570} = {310685FD-CA83-3405-ABE2-0A021CB40570}
	EndProjectSection
EndProject
Project("{8BC9CEB8-8B4A-11D0-8D11-00A0C91BC942}") = "window_manager_plugin", "plugins\window_manager\window_manager_plugin.vcxproj", "{67B3209A-5976-37CF-9262-1F2958362CF7}"
	ProjectSection(ProjectDependencies) = postProject
		{75BE8ACB-74B3-3523-8587-CB7F79418D34} = {75BE8ACB-74B3-3523-8587-CB7F79418D34}
		{5F3375B3-0E2D-318A-BE9C-995D4B48AE68} = {5F3375B3-0E2D-318A-BE9C-995D4B48AE68}
		{310685FD-CA83-3405-ABE2-0A021CB40570} = {310685FD-CA83-3405-ABE2-0A021CB40570}
	EndProjectSection
EndProject
Global
	GlobalSection(SolutionConfigurationPlatforms) = preSolution
		Debug|x64 = Debug|x64
		Profile|x64 = Profile|x64
		Release|x64 = Release|x64
	EndGlobalSection
	GlobalSection(ProjectConfigurationPlatforms) = postSolution
		{F14E2DF1-59A0-39BD-8405-9370C90F7035}.Debug|x64.ActiveCfg = Debug|x64
		{F14E2DF1-59A0-39BD-8405-9370C90F7035}.Debug|x64.Build.0 = Debug|x64
		{F14E2DF1-59A0-39BD-8405-9370C90F7035}.Profile|x64.ActiveCfg = Profile|x64
		{F14E2DF1-59A0-39BD-8405-9370C90F7035}.Profile|x64.Build.0 = Profile|x64
		{F14E2DF1-59A0-39BD-8405-9370C90F7035}.Release|x64.ActiveCfg = Release|x64
		{F14E2DF1-59A0-39BD-8405-9370C90F7035}.Release|x64.Build.0 = Release|x64
		{39E77E0B-3B1D-34A1-9D18-EA0B705AA3E9}.Debug|x64.ActiveCfg = Debug|x64
		{39E77E0B-3B1D-34A1-9D18-EA0B705AA3E9}.Debug|x64.Build.0 = Debug|x64
		{39E77E0B-3B1D-34A1-9D18-EA0B705AA3E9}.Profile|x64.ActiveCfg = Profile|x64
		{39E77E0B-3B1D-34A1-9D18-EA0B705AA3E9}.Profile|x64.Build.0 = Profile|x64
		{39E77E0B-3B1D-34A1-9D18-EA0B705AA3E9}.Release|x64.ActiveCfg = Release|x64
		{39E77E0B-3B1D-34A1-9D18-EA0B705AA3E9}.Release|x64.Build.0 = Release|x64
		{75BE8ACB-74B3-3523-8587-CB7F79418D34}.Debug|x64.ActiveCfg = Debug|x64
		{75BE8ACB-74B3-3523-8587-CB7F79418D34}.Debug|x64.Build.0 = Debug|x64
		{75BE8ACB-74B3-3523-8587-CB7F79418D34}.Profile|x64.ActiveCfg = Profile|x64
		{75BE8ACB-74B3-3523-8587-CB7F79418D34}.Profile|x64.Build.0 = Profile|x64
		{75BE8ACB-74B3-3523-8587-CB7F79418D34}.Release|x64.ActiveCfg = Release|x64
		{75BE8ACB-74B3-3523-8587-CB7F79418D34}.Release|x64.Build.0 = Release|x64
		{344E7D5C-BEF2-30F8-AABE-EE4A6683936E}.Debug|x64.ActiveCfg = Debug|x64
		{344E7D5C-BEF2-30F8-AABE-EE4A6683936E}.Debug|x64.Build.0 = Debug|x64
		{344E7D5C-BEF2-30F8-AABE-EE4A6683936E}.Profile|x64.ActiveCfg = Profile|x64
		{344E7D5C-BEF2-30F8-AABE-EE4A6683936E}.Profile|x64.Build.0 = Profile|x64
		{344E7D5C-BEF2-30F8-AABE-EE4A6683936E}.Release|x64.ActiveCfg = Release|x64
		{344E7D5C-BEF2-30F8-AABE-EE4A6683936E}.Release|x64.Build.0 = Release|x64
		{E673C0E8-1488-3407-AB3F-69AFFC725D41}.Debug|x64.ActiveCfg = Debug|x64
		{E673C0E8-1488-3407-AB3F-69AFFC725D41}.Debug|x64.Build.0 = Debug|x64
		{E673C0E8-1488-3407-AB3F-69AFFC725D41}.Profile|x64.ActiveCfg = Profile|x64
		{E673C0E8-1488-3407-AB3F-69AFFC725D41}.Profile|x64.Build.0 = Profile|x64
		{E673C0E8-1488-3407-AB3F-69AFFC725D41}.Release|x64.ActiveCfg = Release|x64
		{E673C0E8-1488-3407-AB3F-69AFFC725D41}.Release|x64.Build.0 = Release|x64
		{C21A9538-5CA5-366D-A1B1-9D42CB1961B7}.Debug|x64.ActiveCfg = Debug|x64
		{C21A9538-5CA5-366D-A1B1-9D42CB1961B7}.Debug|x64.Build.0 = Debug|x64
		{C21A9538-5CA5-366D-A1B1-9D42CB1961B7}.Profile|x64.ActiveCfg = Profile|x64
		{C21A9538-5CA5-366D-A1B1-9D42CB1961B7}.Profile|x64.Build.0 = Profile|x64
		{C21A9538-5CA5-366D-A1B1-9D42CB1961B7}.Release|x64.ActiveCfg = Release|x64
		{C21A9538-5CA5-366D-A1B1-9D42CB1961B7}.Release|x64.Build.0 = Release|x64
		{465C41AB-5486-39D3-98C1-0E201D9D1789}.Debug|x64.ActiveCfg = Debug|x64
		{465C41AB-5486-39D3-98C1-0E201D9D1789}.Debug|x64.Build.0 = Debug|x64
		{465C41AB-5486-39D3-98C1-0E201D9D1789}.Profile|x64.ActiveCfg = Profile|x64
		{465C41AB-5486-39D3-98C1-0E201D9D1789}.Profile|x64.Build.0 = Profile|x64
		{465C41AB-5486-39D3-98C1-0E201D9D1789}.Release|x64.ActiveCfg = Release|x64
		{465C41AB-5486-39D3-98C1-0E201D9D1789}.Release|x64.Build.0 = Release|x64
		{88786EC2-9282-32A1-A6A7-A75DD25DA643}.Debug|x64.ActiveCfg = Debug|x64
		{88786EC2-9282-32A1-A6A7-A75DD25DA643}.Debug|x64.Build.0 = Debug|x64
		{88786EC2-9282-32A1-A6A7-A75DD25DA643}.Profile|x64.ActiveCfg = Profile|x64
		{88786EC2-9282-32A1-A6A7-A75DD25DA643}.Profile|x64.Build.0 = Profile|x64
		{88786EC2-9282-32A1-A6A7-A75DD25DA643}.Release|x64.ActiveCfg = Release|x64
		{88786EC2-9282-32A1-A6A7-A75DD25DA643}.Release|x64.Build.0 = Release|x64
		{C0402E5D-F17A-3380-8066-E98C18F81A6E}.Debug|x64.ActiveCfg = Debug|x64
		{C0402E5D-F17A-3380-8066-E98C18F81A6E}.Debug|x64.Build.0 = Debug|x64
		{C0402E5D-F17A-3380-8066-E98C18F81A6E}.Profile|x64.ActiveCfg = Profile|x64
		{C0402E5D-F17A-3380-8066-E98C18F81A6E}.Profile|x64.Build.0 = Profile|x64
		{C0402E5D-F17A-3380-8066-E98C18F81A6E}.Release|x64.ActiveCfg = Release|x64
		{C0402E5D-F17A-3380-8066-E98C18F81A6E}.Release|x64.Build.0 = Release|x64
		{BFBB06B8-1832-3720-8E2A-4484417F76E4}.Debug|x64.ActiveCfg = Debug|x64
		{BFBB06B8-1832-3720-8E2A-4484417F76E4}.Debug|x64.Build.0 = Debug|x64
		{BFBB06B8-1832-3720-8E2A-4484417F76E4}.Profile|x64.ActiveCfg = Profile|x64
		{BFBB06B8-1832-3720-8E2A-4484417F76E4}.Profile|x64.Build.0 = Profile|x64
		{BFBB06B8-1832-3720-8E2A-4484417F76E4}.Release|x64.ActiveCfg = Release|x64
		{BFBB06B8-1832-3720-8E2A-4484417F76E4}.Release|x64.Build.0 = Release|x64
		{0B992D4F-0EA6-33AA-986C-D288531AF665}.Debug|x64.ActiveCfg = Debug|x64
		{0B992D4F-0EA6-33AA-986C-D288531AF665}.Debug|x64.Build.0 = Debug|x64
		{0B992D4F-0EA6-33AA-986C-D288531AF665}.Profile|x64.ActiveCfg = Profile|x64
		{0B992D4F-0EA6-33AA-986C-D288531AF665}.Profile|x64.Build.0 = Profile|x64
		{0B992D4F-0EA6-33AA-986C-D288531AF665}.Release|x64.ActiveCfg = Release|x64
		{0B992D4F-0EA6-33AA-986C-D288531AF665}.Release|x64.Build.0 = Release|x64
		{660BD175-512C-3E35-8B32-367C4E6F67C7}.Debug|x64.ActiveCfg = Debug|x64
		{660BD175-512C-3E35-8B32-367C4E6F67C7}.Debug|x64.Build.0 = Debug|x64
		{660BD175-512C-3E35-8B32-367C4E6F67C7}.Profile|x64.ActiveCfg = Profile|x64
		{660BD175-512C-3E35-8B32-367C4E6F67C7}.Profile|x64.Build.0 = Profile|x64
		{660BD175-512C-3E35-8B32-367C4E6F67C7}.Release|x64.ActiveCfg = Release|x64
		{660BD175-512C-3E35-8B32-367C4E6F67C7}.Release|x64.Build.0 = Release|x64
		{738FAEE3-500E-3222-9642-2A453DFE0372}.Debug|x64.ActiveCfg = Debug|x64
		{738FAEE3-500E-3222-9642-2A453DFE0372}.Debug|x64.Build.0 = Debug|x64
		{738FAEE3-500E-3222-9642-2A453DFE0372}.Profile|x64.ActiveCfg = Profile|x64
		{738FAEE3-500E-3222-9642-2A453DFE0372}.Profile|x64.Build.0 = Profile|x64
		{738FAEE3-500E-3222-9642-2A453DFE0372}.Release|x64.ActiveCfg = Release|x64
		{738FAEE3-500E-3222-9642-2A453DFE0372}.Release|x64.Build.0 = Release|x64
		{7C5F225E-18DB-392F-88E4-D9C7B2026414}.Debug|x64.ActiveCfg = Debug|x64
		{7C5F225E-18DB-392F-88E4-D9C7B2026414}.Debug|x64.Build.0 = Debug|x64
		{7C5F225E-18DB-392F-88E4-D9C7B2026414}.Profile|x64.ActiveCfg = Profile|x64
		{7C5F225E-18DB-392F-88E4-D9C7B2026414}.Profile|x64.Build.0 = Profile|x64
		{7C5F225E-18DB-392F-88E4-D9C7B2026414}.Release|x64.ActiveCfg = Release|x64
		{7C5F225E-18DB-392F-88E4-D9C7B2026414}.Release|x64.Build.0 = Release|x64
		{42CDE169-B967-3389-9DB7-756D30E082E1}.Debug|x64.ActiveCfg = Debug|x64
		{42CDE169-B967-3389-9DB7-756D30E082E1}.Debug|x64.Build.0 = Debug|x64
		{42CDE169-B967-3389-9DB7-756D30E082E1}.Profile|x64.ActiveCfg = Profile|x64
		{42CDE169-B967-3389-9DB7-756D30E082E1}.Profile|x64.Build.0 = Profile|x64
		{42CDE169-B967-3389-9DB7-756D30E082E1}.Release|x64.ActiveCfg = Release|x64
		{42CDE169-B967-3389-9DB7-756D30E082E1}.Release|x64.Build.0 = Release|x64
		{5F3375B3-0E2D-318A-BE9C-995D4B48AE68}.Debug|x64.ActiveCfg = Debug|x64
		{5F3375B3-0E2D-318A-BE9C-995D4B48AE68}.Debug|x64.Build.0 = Debug|x64
		{5F3375B3-0E2D-318A-BE9C-995D4B48AE68}.Profile|x64.ActiveCfg = Profile|x64
		{5F3375B3-0E2D-318A-BE9C-995D4B48AE68}.Profile|x64.Build.0 = Profile|x64
		{5F3375B3-0E2D-318A-BE9C-995D4B48AE68}.Release|x64.ActiveCfg = Release|x64
		{5F3375B3-0E2D-318A-BE9C-995D4B48AE68}.Release|x64.Build.0 = Release|x64
		{E1598ED1-3CA4-3CC6-8702-AE51E92C5BB7}.Debug|x64.ActiveCfg = Debug|x64
		{E1598ED1-3CA4-3CC6-8702-AE51E92C5BB7}.Debug|x64.Build.0 = Debug|x64
		{E1598ED1-3CA4-3CC6-8702-AE51E92C5BB7}.Profile|x64.ActiveCfg = Profile|x64
		{E1598ED1-3CA4-3CC6-8702-AE51E92C5BB7}.Profile|x64.Build.0 = Profile|x64
		{E1598ED1-3CA4-3CC6-8702-AE51E92C5BB7}.Release|x64.ActiveCfg = Release|x64
		{E1598ED1-3CA4-3CC6-8702-AE51E92C5BB7}.Release|x64.Build.0 = Release|x64
		{8C8BEE2D-C2E0-34BF-912F-FF78CC86EBCD}.Debug|x64.ActiveCfg = Debug|x64
		{8C8BEE2D-C2E0-34BF-912F-FF78CC86EBCD}.Debug|x64.Build.0 = Debug|x64
		{8C8BEE2D-C2E0-34BF-912F-FF78CC86EBCD}.Profile|x64.ActiveCfg = Profile|x64
		{8C8BEE2D-C2E0-34BF-912F-FF78CC86EBCD}.Profile|x64.Build.0 = Profile|x64
		{8C8BEE2D-C2E0-34BF-912F-FF78CC86EBCD}.Release|x64.ActiveCfg = Release|x64
		{8C8BEE2D-C2E0-34BF-912F-FF78CC86EBCD}.Release|x64.Build.0 = Release|x64
		{C30980BA-EC90-36F2-B844-583A20303205}.Debug|x64.ActiveCfg = Debug|x64
		{C30980BA-EC90-36F2-B844-583A20303205}.Debug|x64.Build.0 = Debug|x64
		{C30980BA-EC90-36F2-B844-583A20303205}.Profile|x64.ActiveCfg = Profile|x64
		{C30980BA-EC90-36F2-B844-583A20303205}.Profile|x64.Build.0 = Profile|x64
		{C30980BA-EC90-36F2-B844-583A20303205}.Release|x64.ActiveCfg = Release|x64
		{C30980BA-EC90-36F2-B844-583A20303205}.Release|x64.Build.0 = Release|x64
		{310685FD-CA83-3405-ABE2-0A021CB40570}.Debug|x64.ActiveCfg = Debug|x64
		{310685FD-CA83-3405-ABE2-0A021CB40570}.Debug|x64.Build.0 = Debug|x64
		{310685FD-CA83-3405-ABE2-0A021CB40570}.Profile|x64.ActiveCfg = Profile|x64
		{310685FD-CA83-3405-ABE2-0A021CB40570}.Profile|x64.Build.0 = Profile|x64
		{310685FD-CA83-3405-ABE2-0A021CB40570}.Release|x64.ActiveCfg = Release|x64
		{310685FD-CA83-3405-ABE2-0A021CB40570}.Release|x64.Build.0 = Release|x64
		{690191F1-FCA5-3B79-9AA0-E398EC80F7D6}.Debug|x64.ActiveCfg = Debug|x64
		{690191F1-FCA5-3B79-9AA0-E398EC80F7D6}.Debug|x64.Build.0 = Debug|x64
		{690191F1-FCA5-3B79-9AA0-E398EC80F7D6}.Profile|x64.ActiveCfg = Profile|x64
		{690191F1-FCA5-3B79-9AA0-E398EC80F7D6}.Profile|x64.Build.0 = Profile|x64
		{690191F1-FCA5-3B79-9AA0-E398EC80F7D6}.Release|x64.ActiveCfg = Release|x64
		{690191F1-FCA5-3B79-9AA0-E398EC80F7D6}.Release|x64.Build.0 = Release|x64
		{81279587-5EC4-357E-8D92-AC87557B4304}.Debug|x64.ActiveCfg = Debug|x64
		{81279587-5EC4-357E-8D92-AC87557B4304}.Debug|x64.Build.0 = Debug|x64
		{81279587-5EC4-357E-8D92-AC87557B4304}.Profile|x64.ActiveCfg = Profile|x64
		{81279587-5EC4-357E-8D92-AC87557B4304}.Profile|x64.Build.0 = Profile|x64
		{81279587-5EC4-357E-8D92-AC87557B4304}.Release|x64.ActiveCfg = Release|x64
		{81279587-5EC4-357E-8D92-AC87557B4304}.Release|x64.Build.0 = Release|x64
		{5E301CF5-9C28-37FB-A6AD-55BA2D5B9D13}.Debug|x64.ActiveCfg = Debug|x64
		{5E301CF5-9C28-37FB-A6AD-55BA2D5B9D13}.Debug|x64.Build.0 = Debug|x64
		{5E301CF5-9C28-37FB-A6AD-55BA2D5B9D13}.Profile|x64.ActiveCfg = Profile|x64
		{5E301CF5-9C28-37FB-A6AD-55BA2D5B9D13}.Profile|x64.Build.0 = Profile|x64
		{5E301CF5-9C28-37FB-A6AD-55BA2D5B9D13}.Release|x64.ActiveCfg = Release|x64
		{5E301CF5-9C28-37FB-A6AD-55BA2D5B9D13}.Release|x64.Build.0 = Release|x64
		{79B48C1B-3AB2-3AF0-A269-CA6CD9D1C5F0}.Debug|x64.ActiveCfg = Debug|x64
		{79B48C1B-3AB2-3AF0-A269-CA6CD9D1C5F0}.Debug|x64.Build.0 = Debug|x64
		{79B48C1B-3AB2-3AF0-A269-CA6CD9D1C5F0}.Profile|x64.ActiveCfg = Profile|x64
		{79B48C1B-3AB2-3AF0-A269-CA6CD9D1C5F0}.Profile|x64.Build.0 = Profile|x64
		{79B48C1B-3AB2-3AF0-A269-CA6CD9D1C5F0}.Release|x64.ActiveCfg = Release|x64
		{79B48C1B-3AB2-3AF0-A269-CA6CD9D1C5F0}.Release|x64.Build.0 = Release|x64
		{AE614A0F-9C37-31FB-B142-D2B41CD528D7}.Debug|x64.ActiveCfg = Debug|x64
		{AE614A0F-9C37-31FB-B142-D2B41CD528D7}.Debug|x64.Build.0 = Debug|x64
		{AE614A0F-9C37-31FB-B142-D2B41CD528D7}.Profile|x64.ActiveCfg = Profile|x64
		{AE614A0F-9C37-31FB-B142-D2B41CD528D7}.Profile|x64.Build.0 = Profile|x64
		{AE614A0F-9C37-31FB-B142-D2B41CD528D7}.Release|x64.ActiveCfg = Release|x64
		{AE614A0F-9C37-31FB-B142-D2B41CD528D7}.Release|x64.Build.0 = Release|x64
		{4AC30053-D0A0-3706-A69D-2A26DCC909F1}.Debug|x64.ActiveCfg = Debug|x64
		{4AC30053-D0A0-3706-A69D-2A26DCC909F1}.Debug|x64.Build.0 = Debug|x64
		{4AC30053-D0A0-3706-A69D-2A26DCC909F1}.Profile|x64.ActiveCfg = Profile|x64
		{4AC30053-D0A0-3706-A69D-2A26DCC909F1}.Profile|x64.Build.0 = Profile|x64
		{4AC30053-D0A0-3706-A69D-2A26DCC909F1}.Release|x64.ActiveCfg = Release|x64
		{4AC30053-D0A0-3706-A69D-2A26DCC909F1}.Release|x64.Build.0 = Release|x64
		{E22F6AEF-872E-3932-B610-6995B3F19FA8}.Debug|x64.ActiveCfg = Debug|x64
		{E22F6AEF-872E-3932-B610-6995B3F19FA8}.Debug|x64.Build.0 = Debug|x64
		{E22F6AEF-872E-3932-B610-6995B3F19FA8}.Profile|x64.ActiveCfg = Profile|x64
		{E22F6AEF-872E-3932-B610-6995B3F19FA8}.Profile|x64.Build.0 = Profile|x64
		{E22F6AEF-872E-3932-B610-6995B3F19FA8}.Release|x64.ActiveCfg = Release|x64
		{E22F6AEF-872E-3932-B610-6995B3F19FA8}.Release|x64.Build.0 = Release|x64
		{F65EC269-1EFF-312E-B14D-D1EB669E6030}.Debug|x64.ActiveCfg = Debug|x64
		{F65EC269-1EFF-312E-B14D-D1EB669E6030}.Debug|x64.Build.0 = Debug|x64
		{F65EC269-1EFF-312E-B14D-D1EB669E6030}.Profile|x64.ActiveCfg = Profile|x64
		{F65EC269-1EFF-312E-B14D-D1EB669E6030}.Profile|x64.Build.0 = Profile|x64
		{F65EC269-1EFF-312E-B14D-D1EB669E6030}.Release|x64.ActiveCfg = Release|x64
		{F65EC269-1EFF-312E-B14D-D1EB669E6030}.Release|x64.Build.0 = Release|x64
		{9221CA77-22C1-3877-AE4B-2FC29964A6C9}.Debug|x64.ActiveCfg = Debug|x64
		{9221CA77-22C1-3877-AE4B-2FC29964A6C9}.Debug|x64.Build.0 = Debug|x64
		{9221CA77-22C1-3877-AE4B-2FC29964A6C9}.Profile|x64.ActiveCfg = Profile|x64
		{9221CA77-22C1-3877-AE4B-2FC29964A6C9}.Profile|x64.Build.0 = Profile|x64
		{9221CA77-22C1-3877-AE4B-2FC29964A6C9}.Release|x64.ActiveCfg = Release|x64
		{9221CA77-22C1-3877-AE4B-2FC29964A6C9}.Release|x64.Build.0 = Release|x64
		{F7F25008-914F-3494-96DB-F8896B5A3BBB}.Debug|x64.ActiveCfg = Debug|x64
		{F7F25008-914F-3494-96DB-F8896B5A3BBB}.Debug|x64.Build.0 = Debug|x64
		{F7F25008-914F-3494-96DB-F8896B5A3BBB}.Profile|x64.ActiveCfg = Profile|x64
		{F7F25008-914F-3494-96DB-F8896B5A3BBB}.Profile|x64.Build.0 = Profile|x64
		{F7F25008-914F-3494-96DB-F8896B5A3BBB}.Release|x64.ActiveCfg = Release|x64
		{F7F25008-914F-3494-96DB-F8896B5A3BBB}.Release|x64.Build.0 = Release|x64
		{5BE164DA-6CA5-3891-A8E0-5C1070BE0295}.Debug|x64.ActiveCfg = Debug|x64
		{5BE164DA-6CA5-3891-A8E0-5C1070BE0295}.Debug|x64.Build.0 = Debug|x64
		{5BE164DA-6CA5-3891-A8E0-5C1070BE0295}.Profile|x64.ActiveCfg = Profile|x64
		{5BE164DA-6CA5-3891-A8E0-5C1070BE0295}.Profile|x64.Build.0 = Profile|x64
		{5BE164DA-6CA5-3891-A8E0-5C1070BE0295}.Release|x64.ActiveCfg = Release|x64
		{5BE164DA-6CA5-3891-A8E0-5C1070BE0295}.Release|x64.Build.0 = Release|x64
		{BDDF1F7C-9B78-3F37-868E-9613EE4C8BE9}.Debug|x64.ActiveCfg = Debug|x64
		{BDDF1F7C-9B78-3F37-868E-9613EE4C8BE9}.Debug|x64.Build.0 = Debug|x64
		{BDDF1F7C-9B78-3F37-868E-9613EE4C8BE9}.Profile|x64.ActiveCfg = Profile|x64
		{BDDF1F7C-9B78-3F37-868E-9613EE4C8BE9}.Profile|x64.Build.0 = Profile|x64
		{BDDF1F7C-9B78-3F37-868E-9613EE4C8BE9}.Release|x64.ActiveCfg = Release|x64
		{BDDF1F7C-9B78-3F37-868E-9613EE4C8BE9}.Release|x64.Build.0 = Release|x64
		{D943279D-497A-33B9-B8EC-A5B07AB5ACD1}.Debug|x64.ActiveCfg = Debug|x64
		{D943279D-497A-33B9-B8EC-A5B07AB5ACD1}.Debug|x64.Build.0 = Debug|x64
		{D943279D-497A-33B9-B8EC-A5B07AB5ACD1}.Profile|x64.ActiveCfg = Profile|x64
		{D943279D-497A-33B9-B8EC-A5B07AB5ACD1}.Profile|x64.Build.0 = Profile|x64
		{D943279D-497A-33B9-B8EC-A5B07AB5ACD1}.Release|x64.ActiveCfg = Release|x64
		{D943279D-497A-33B9-B8EC-A5B07AB5ACD1}.Release|x64.Build.0 = Release|x64
		{67B3209A-5976-37CF-9262-1F2958362CF7}.Debug|x64.ActiveCfg = Debug|x64
		{67B3209A-5976-37CF-9262-1F2958362CF7}.Debug|x64.Build.0 = Debug|x64
		{67B3209A-5976-37CF-9262-1F2958362CF7}.Profile|x64.ActiveCfg = Profile|x64
		{67B3209A-5976-37CF-9262-1F2958362CF7}.Profile|x64.Build.0 = Profile|x64
		{67B3209A-5976-37CF-9262-1F2958362CF7}.Release|x64.ActiveCfg = Release|x64
		{67B3209A-5976-37CF-9262-1F2958362CF7}.Release|x64.Build.0 = Release|x64
	EndGlobalSection
	GlobalSection(ExtensibilityGlobals) = postSolution
		SolutionGuid = {72A30C06-C0A8-3F09-80A5-20E44D537B5B}
	EndGlobalSection
	GlobalSection(ExtensibilityAddIns) = postSolution
	EndGlobalSection
EndGlobal
