<?xml version="1.0" encoding="utf-8"?>
<Project ToolsVersion="17.0" xmlns="http://schemas.microsoft.com/developer/msbuild/2003">
  <ItemGroup>
    <ClCompile Include="D:\Programming\Languages\Dart\Projects\chatify\windows\flutter\ephemeral\cpp_client_wrapper\core_implementations.cc">
      <Filter>Source Files</Filter>
    </ClCompile>
    <ClCompile Include="D:\Programming\Languages\Dart\Projects\chatify\windows\flutter\ephemeral\cpp_client_wrapper\standard_codec.cc">
      <Filter>Source Files</Filter>
    </ClCompile>
    <ClCompile Include="D:\Programming\Languages\Dart\Projects\chatify\windows\flutter\ephemeral\cpp_client_wrapper\flutter_engine.cc">
      <Filter>Source Files</Filter>
    </ClCompile>
    <ClCompile Include="D:\Programming\Languages\Dart\Projects\chatify\windows\flutter\ephemeral\cpp_client_wrapper\flutter_view_controller.cc">
      <Filter>Source Files</Filter>
    </ClCompile>
  </ItemGroup>
  <ItemGroup>
    <CustomBuild Include="D:\Programming\Languages\Dart\Projects\chatify\windows\flutter\CMakeLists.txt" />
  </ItemGroup>
  <ItemGroup>
    <Filter Include="CMake Rules">
      <UniqueIdentifier>{EEB0C3BA-B676-3809-B951-A3B14848094B}</UniqueIdentifier>
    </Filter>
    <Filter Include="Source Files">
      <UniqueIdentifier>{F4CEE457-D17B-3E45-9AC3-B1EB0C4A8BA0}</UniqueIdentifier>
    </Filter>
  </ItemGroup>
</Project>
